
Microsoft Visual Studio Solution File, Format Version 12.00
# Visual Studio Version 16
VisualStudioVersion = 16.0.33423.256
MinimumVisualStudioVersion = 10.0.40219.1
Project("{FAE04EC0-301F-11D3-BF4B-00C04F79EFBC}") = "TripPreparation", "TripPreparation.csproj", "{23B880A7-1AD2-4E15-A87D-DDC7358A3AE8}"
EndProject
Project("{FAE04EC0-301F-11D3-BF4B-00C04F79EFBC}") = "ControlLibrary", "..\ControlLibrary\ControlLibrary.csproj", "{8E5FA484-37BE-4406-B536-FC573851D887}"
EndProject
Project("{FAE04EC0-301F-11D3-BF4B-00C04F79EFBC}") = "ClassLibrary", "..\ClassLibrary\ClassLibrary.csproj", "{609BB289-93EB-41AD-946A-04C74B44DEBA}"
EndProject
Global
	GlobalSection(SolutionConfigurationPlatforms) = preSolution
		Debug|Any CPU = Debug|Any CPU
		Release|Any CPU = Release|Any CPU
	EndGlobalSection
	GlobalSection(ProjectConfigurationPlatforms) = postSolution
		{23B880A7-1AD2-4E15-A87D-DDC7358A3AE8}.Debug|Any CPU.ActiveCfg = Debug|Any CPU
		{23B880A7-1AD2-4E15-A87D-DDC7358A3AE8}.Debug|Any CPU.Build.0 = Debug|Any CPU
		{23B880A7-1AD2-4E15-A87D-DDC7358A3AE8}.Release|Any CPU.ActiveCfg = Release|Any CPU
		{23B880A7-1AD2-4E15-A87D-DDC7358A3AE8}.Release|Any CPU.Build.0 = Release|Any CPU
		{8E5FA484-37BE-4406-B536-FC573851D887}.Debug|Any CPU.ActiveCfg = Debug|Any CPU
		{8E5FA484-37BE-4406-B536-FC573851D887}.Debug|Any CPU.Build.0 = Debug|Any CPU
		{8E5FA484-37BE-4406-B536-FC573851D887}.Release|Any CPU.ActiveCfg = Release|Any CPU
		{8E5FA484-37BE-4406-B536-FC573851D887}.Release|Any CPU.Build.0 = Release|Any CPU
		{609BB289-93EB-41AD-946A-04C74B44DEBA}.Debug|Any CPU.ActiveCfg = Debug|Any CPU
		{609BB289-93EB-41AD-946A-04C74B44DEBA}.Debug|Any CPU.Build.0 = Debug|Any CPU
		{609BB289-93EB-41AD-946A-04C74B44DEBA}.Release|Any CPU.ActiveCfg = Release|Any CPU
		{609BB289-93EB-41AD-946A-04C74B44DEBA}.Release|Any CPU.Build.0 = Release|Any CPU
	EndGlobalSection
	GlobalSection(SolutionProperties) = preSolution
		HideSolutionNode = FALSE
	EndGlobalSection
	GlobalSection(ExtensibilityGlobals) = postSolution
		SolutionGuid = {8C11E0A6-607D-4C94-B698-2B3F1EEF643E}
	EndGlobalSection
EndGlobal
